Microsoft Visual Studio Solution File, Format Version 12.00
# Visual Studio Version 17
VisualStudioVersion = 17.0.31903.59
MinimumVisualStudioVersion = 10.0.40219.1
Project("{9A19103F-16F7-4668-BE54-9A1E7A4F7556}") = "Mosey.Gui", "Mosey.Gui\Mosey.Gui.csproj", "{B1DD8B7D-FFF0-406C-9765-14848EAB126F}"
	ProjectSection(ProjectDependencies) = postProject
		{45B4F94A-2397-4E40-B944-FC170D83698D} = {45B4F94A-2397-4E40-B944-FC170D83698D}
	EndProjectSection
EndProject
Project("{2150E333-8FDC-42A3-9474-1A3956D46DE8}") = "Solution Items", "Solution Items", "{3D609DE7-CA92-45B0-A4A9-93975FA50AA9}"
EndProject
Project("{9A19103F-16F7-4668-BE54-9A1E7A4F7556}") = "Mosey.Core", "Mosey.Core\Mosey.Core.csproj", "{45B4F94A-2397-4E40-B944-FC170D83698D}"
EndProject
Project("{9A19103F-16F7-4668-BE54-9A1E7A4F7556}") = "Mosey.Gui.Tests", "Mosey.Gui.Tests\Mosey.Gui.Tests.csproj", "{B8E03FAD-4F53-4C55-8AE3-F1CC62C5390A}"
EndProject
Project("{9A19103F-16F7-4668-BE54-9A1E7A4F7556}") = "Mosey.Application", "Mosey.Application\Mosey.Application.csproj", "{0A9DB5A1-ABF8-4F09-A44D-0AC331C1D0A9}"
EndProject
Project("{2150E333-8FDC-42A3-9474-1A3956D46DE8}") = "Tests", "Tests", "{829B7934-EB85-46BE-936C-D4D3555BB3B1}"
EndProject
Project("{9A19103F-16F7-4668-BE54-9A1E7A4F7556}") = "Mosey.Application.Tests", "Mosey.Application.Tests\Mosey.Application.Tests.csproj", "{9C3FD6C3-1995-424B-9933-DE88D5928110}"
EndProject
Project("{9A19103F-16F7-4668-BE54-9A1E7A4F7556}") = "Mosey.Tests", "Mosey.Tests\Mosey.Tests.csproj", "{C35CB08D-9AFD-462C-AF82-96B90A645C94}"
EndProject
Project("{FAE04EC0-301F-11D3-BF4B-00C04F79EFBC}") = "Mosey.Cli", "Mosey.Cli\Mosey.Cli.csproj", "{1B614645-5D2B-4C9A-8535-13A6AED5313F}"
EndProject
Global
	GlobalSection(SolutionConfigurationPlatforms) = preSolution
		Debug|Any CPU = Debug|Any CPU
		Debug|x64 = Debug|x64
		Debug|x86 = Debug|x86
		Release|Any CPU = Release|Any CPU
		Release|x64 = Release|x64
		Release|x86 = Release|x86
	EndGlobalSection
	GlobalSection(ProjectConfigurationPlatforms) = postSolution
		{B1DD8B7D-FFF0-406C-9765-14848EAB126F}.Debug|Any CPU.ActiveCfg = Debug|Any CPU
		{B1DD8B7D-FFF0-406C-9765-14848EAB126F}.Debug|Any CPU.Build.0 = Debug|Any CPU
		{B1DD8B7D-FFF0-406C-9765-14848EAB126F}.Debug|x64.ActiveCfg = Debug|Any CPU
		{B1DD8B7D-FFF0-406C-9765-14848EAB126F}.Debug|x64.Build.0 = Debug|Any CPU
		{B1DD8B7D-FFF0-406C-9765-14848EAB126F}.Debug|x86.ActiveCfg = Debug|Any CPU
		{B1DD8B7D-FFF0-406C-9765-14848EAB126F}.Debug|x86.Build.0 = Debug|Any CPU
		{B1DD8B7D-FFF0-406C-9765-14848EAB126F}.Release|Any CPU.ActiveCfg = Release|Any CPU
		{B1DD8B7D-FFF0-406C-9765-14848EAB126F}.Release|Any CPU.Build.0 = Release|Any CPU
		{B1DD8B7D-FFF0-406C-9765-14848EAB126F}.Release|x64.ActiveCfg = Release|Any CPU
		{B1DD8B7D-FFF0-406C-9765-14848EAB126F}.Release|x64.Build.0 = Release|Any CPU
		{B1DD8B7D-FFF0-406C-9765-14848EAB126F}.Release|x86.ActiveCfg = Release|Any CPU
		{B1DD8B7D-FFF0-406C-9765-14848EAB126F}.Release|x86.Build.0 = Release|Any CPU
		{45B4F94A-2397-4E40-B944-FC170D83698D}.Debug|Any CPU.ActiveCfg = Debug|Any CPU
		{45B4F94A-2397-4E40-B944-FC170D83698D}.Debug|Any CPU.Build.0 = Debug|Any CPU
		{45B4F94A-2397-4E40-B944-FC170D83698D}.Debug|x64.ActiveCfg = Debug|Any CPU
		{45B4F94A-2397-4E40-B944-FC170D83698D}.Debug|x64.Build.0 = Debug|Any CPU
		{45B4F94A-2397-4E40-B944-FC170D83698D}.Debug|x86.ActiveCfg = Debug|Any CPU
		{45B4F94A-2397-4E40-B944-FC170D83698D}.Debug|x86.Build.0 = Debug|Any CPU
		{45B4F94A-2397-4E40-B944-FC170D83698D}.Release|Any CPU.ActiveCfg = Release|Any CPU
		{45B4F94A-2397-4E40-B944-FC170D83698D}.Release|Any CPU.Build.0 = Release|Any CPU
		{45B4F94A-2397-4E40-B944-FC170D83698D}.Release|x64.ActiveCfg = Release|Any CPU
		{45B4F94A-2397-4E40-B944-FC170D83698D}.Release|x64.Build.0 = Release|Any CPU
		{45B4F94A-2397-4E40-B944-FC170D83698D}.Release|x86.ActiveCfg = Release|Any CPU
		{45B4F94A-2397-4E40-B944-FC170D83698D}.Release|x86.Build.0 = Release|Any CPU
		{B8E03FAD-4F53-4C55-8AE3-F1CC62C5390A}.Debug|Any CPU.ActiveCfg = Debug|Any CPU
		{B8E03FAD-4F53-4C55-8AE3-F1CC62C5390A}.Debug|Any CPU.Build.0 = Debug|Any CPU
		{B8E03FAD-4F53-4C55-8AE3-F1CC62C5390A}.Debug|x64.ActiveCfg = Debug|Any CPU
		{B8E03FAD-4F53-4C55-8AE3-F1CC62C5390A}.Debug|x64.Build.0 = Debug|Any CPU
		{B8E03FAD-4F53-4C55-8AE3-F1CC62C5390A}.Debug|x86.ActiveCfg = Debug|Any CPU
		{B8E03FAD-4F53-4C55-8AE3-F1CC62C5390A}.Debug|x86.Build.0 = Debug|Any CPU
		{B8E03FAD-4F53-4C55-8AE3-F1CC62C5390A}.Release|Any CPU.ActiveCfg = Release|Any CPU
		{B8E03FAD-4F53-4C55-8AE3-F1CC62C5390A}.Release|Any CPU.Build.0 = Release|Any CPU
		{B8E03FAD-4F53-4C55-8AE3-F1CC62C5390A}.Release|x64.ActiveCfg = Release|Any CPU
		{B8E03FAD-4F53-4C55-8AE3-F1CC62C5390A}.Release|x64.Build.0 = Release|Any CPU
		{B8E03FAD-4F53-4C55-8AE3-F1CC62C5390A}.Release|x86.ActiveCfg = Release|Any CPU
		{B8E03FAD-4F53-4C55-8AE3-F1CC62C5390A}.Release|x86.Build.0 = Release|Any CPU
		{0A9DB5A1-ABF8-4F09-A44D-0AC331C1D0A9}.Debug|Any CPU.ActiveCfg = Debug|Any CPU
		{0A9DB5A1-ABF8-4F09-A44D-0AC331C1D0A9}.Debug|Any CPU.Build.0 = Debug|Any CPU
		{0A9DB5A1-ABF8-4F09-A44D-0AC331C1D0A9}.Debug|x64.ActiveCfg = Debug|Any CPU
		{0A9DB5A1-ABF8-4F09-A44D-0AC331C1D0A9}.Debug|x64.Build.0 = Debug|Any CPU
		{0A9DB5A1-ABF8-4F09-A44D-0AC331C1D0A9}.Debug|x86.ActiveCfg = Debug|Any CPU
		{0A9DB5A1-ABF8-4F09-A44D-0AC331C1D0A9}.Debug|x86.Build.0 = Debug|Any CPU
		{0A9DB5A1-ABF8-4F09-A44D-0AC331C1D0A9}.Release|Any CPU.ActiveCfg = Release|Any CPU
		{0A9DB5A1-ABF8-4F09-A44D-0AC331C1D0A9}.Release|Any CPU.Build.0 = Release|Any CPU
		{0A9DB5A1-ABF8-4F09-A44D-0AC331C1D0A9}.Release|x64.ActiveCfg = Release|Any CPU
		{0A9DB5A1-ABF8-4F09-A44D-0AC331C1D0A9}.Release|x64.Build.0 = Release|Any CPU
		{0A9DB5A1-ABF8-4F09-A44D-0AC331C1D0A9}.Release|x86.ActiveCfg = Release|Any CPU
		{0A9DB5A1-ABF8-4F09-A44D-0AC331C1D0A9}.Release|x86.Build.0 = Release|Any CPU
		{9C3FD6C3-1995-424B-9933-DE88D5928110}.Debug|Any CPU.ActiveCfg = Debug|Any CPU
		{9C3FD6C3-1995-424B-9933-DE88D5928110}.Debug|Any CPU.Build.0 = Debug|Any CPU
		{9C3FD6C3-1995-424B-9933-DE88D5928110}.Debug|x64.ActiveCfg = Debug|Any CPU
		{9C3FD6C3-1995-424B-9933-DE88D5928110}.Debug|x64.Build.0 = Debug|Any CPU
		{9C3FD6C3-1995-424B-9933-DE88D5928110}.Debug|x86.ActiveCfg = Debug|Any CPU
		{9C3FD6C3-1995-424B-9933-DE88D5928110}.Debug|x86.Build.0 = Debug|Any CPU
		{9C3FD6C3-1995-424B-9933-DE88D5928110}.Release|Any CPU.ActiveCfg = Release|Any CPU
		{9C3FD6C3-1995-424B-9933-DE88D5928110}.Release|Any CPU.Build.0 = Release|Any CPU
		{9C3FD6C3-1995-424B-9933-DE88D5928110}.Release|x64.ActiveCfg = Release|Any CPU
		{9C3FD6C3-1995-424B-9933-DE88D5928110}.Release|x64.Build.0 = Release|Any CPU
		{9C3FD6C3-1995-424B-9933-DE88D5928110}.Release|x86.ActiveCfg = Release|Any CPU
		{9C3FD6C3-1995-424B-9933-DE88D5928110}.Release|x86.Build.0 = Release|Any CPU
		{C35CB08D-9AFD-462C-AF82-96B90A645C94}.Debug|Any CPU.ActiveCfg = Debug|Any CPU
		{C35CB08D-9AFD-462C-AF82-96B90A645C94}.Debug|Any CPU.Build.0 = Debug|Any CPU
		{C35CB08D-9AFD-462C-AF82-96B90A645C94}.Debug|x64.ActiveCfg = Debug|Any CPU
		{C35CB08D-9AFD-462C-AF82-96B90A645C94}.Debug|x64.Build.0 = Debug|Any CPU
		{C35CB08D-9AFD-462C-AF82-96B90A645C94}.Debug|x86.ActiveCfg = Debug|Any CPU
		{C35CB08D-9AFD-462C-AF82-96B90A645C94}.Debug|x86.Build.0 = Debug|Any CPU
		{C35CB08D-9AFD-462C-AF82-96B90A645C94}.Release|Any CPU.ActiveCfg = Release|Any CPU
		{C35CB08D-9AFD-462C-AF82-96B90A645C94}.Release|Any CPU.Build.0 = Release|Any CPU
		{C35CB08D-9AFD-462C-AF82-96B90A645C94}.Release|x64.ActiveCfg = Release|Any CPU
		{C35CB08D-9AFD-462C-AF82-96B90A645C94}.Release|x64.Build.0 = Release|Any CPU
		{C35CB08D-9AFD-462C-AF82-96B90A645C94}.Release|x86.ActiveCfg = Release|Any CPU
		{C35CB08D-9AFD-462C-AF82-96B90A645C94}.Release|x86.Build.0 = Release|Any CPU
		{1B614645-5D2B-4C9A-8535-13A6AED5313F}.Debug|Any CPU.ActiveCfg = Debug|Any CPU
		{1B614645-5D2B-4C9A-8535-13A6AED5313F}.Debug|Any CPU.Build.0 = Debug|Any CPU
		{1B614645-5D2B-4C9A-8535-13A6AED5313F}.Debug|x64.ActiveCfg = Debug|Any CPU
		{1B614645-5D2B-4C9A-8535-13A6AED5313F}.Debug|x64.Build.0 = Debug|Any CPU
		{1B614645-5D2B-4C9A-8535-13A6AED5313F}.Debug|x86.ActiveCfg = Debug|Any CPU
		{1B614645-5D2B-4C9A-8535-13A6AED5313F}.Debug|x86.Build.0 = Debug|Any CPU
		{1B614645-5D2B-4C9A-8535-13A6AED5313F}.Release|Any CPU.ActiveCfg = Release|Any CPU
		{1B614645-5D2B-4C9A-8535-13A6AED5313F}.Release|Any CPU.Build.0 = Release|Any CPU
		{1B614645-5D2B-4C9A-8535-13A6AED5313F}.Release|x64.ActiveCfg = Release|Any CPU
		{1B614645-5D2B-4C9A-8535-13A6AED5313F}.Release|x64.Build.0 = Release|Any CPU
		{1B614645-5D2B-4C9A-8535-13A6AED5313F}.Release|x86.ActiveCfg = Release|Any CPU
		{1B614645-5D2B-4C9A-8535-13A6AED5313F}.Release|x86.Build.0 = Release|Any CPU
	EndGlobalSection
	GlobalSection(SolutionProperties) = preSolution
		HideSolutionNode = FALSE
	EndGlobalSection
	GlobalSection(NestedProjects) = preSolution
		{B8E03FAD-4F53-4C55-8AE3-F1CC62C5390A} = {829B7934-EB85-46BE-936C-D4D3555BB3B1}
		{9C3FD6C3-1995-424B-9933-DE88D5928110} = {829B7934-EB85-46BE-936C-D4D3555BB3B1}
		{C35CB08D-9AFD-462C-AF82-96B90A645C94} = {829B7934-EB85-46BE-936C-D4D3555BB3B1}
	EndGlobalSection
	GlobalSection(ExtensibilityGlobals) = postSolution
		SolutionGuid = {1CAE3DC8-4EC9-449A-9162-BCEC107B1871}
	EndGlobalSection
EndGlobal
